
Microsoft Visual Studio Solution File, Format Version 12.00
# Visual Studio Version 16
VisualStudioVersion = 16.0.31624.102
MinimumVisualStudioVersion = 10.0.40219.1
Project("{9A19103F-16F7-4668-BE54-9A1E7A4F7556}") = "FlowerShop", "FloverShop\FlowerShop.csproj", "{F4E0B26C-B20E-4C1A-BF8A-861BEFE61CBC}"
EndProject
Global
	GlobalSection(SolutionConfigurationPlatforms) = preSolution
		Debug|Any CPU = Debug|Any CPU
		Release|Any CPU = Release|Any CPU
	EndGlobalSection
	GlobalSection(ProjectConfigurationPlatforms) = postSolution
		{F4E0B26C-B20E-4C1A-BF8A-861BEFE61CBC}.Debug|Any CPU.ActiveCfg = Debug|Any CPU
		{F4E0B26C-B20E-4C1A-BF8A-861BEFE61CBC}.Debug|Any CPU.Build.0 = Debug|Any CPU
		{F4E0B26C-B20E-4C1A-BF8A-861BEFE61CBC}.Release|Any CPU.ActiveCfg = Release|Any CPU
		{F4E0B26C-B20E-4C1A-BF8A-861BEFE61CBC}.Release|Any CPU.Build.0 = Release|Any CPU
	EndGlobalSection
	GlobalSection(SolutionProperties) = preSolution
		HideSolutionNode = FALSE
	EndGlobalSection
	GlobalSection(ExtensibilityGlobals) = postSolution
		SolutionGuid = {2E6868CA-7F30-4191-95B4-455756307545}
	EndGlobalSection
EndGlobal
